
Microsoft Visual Studio Solution File, Format Version 12.00
# Visual Studio Version 17
VisualStudioVersion = 17.0.32014.148
MinimumVisualStudioVersion = 10.0.40219.1
Project("{FAE04EC0-301F-11D3-BF4B-00C04F79EFBC}") = "S1", "S1.csproj", "{649D9F9E-BD3D-434B-8F2D-DBB95EA4ACCC}"
EndProject
Global
	GlobalSection(SolutionConfigurationPlatforms) = preSolution
		Debug|Any CPU = Debug|Any CPU
		Release|Any CPU = Release|Any CPU
	EndGlobalSection
	GlobalSection(ProjectConfigurationPlatforms) = postSolution
		{649D9F9E-BD3D-434B-8F2D-DBB95EA4ACCC}.Debug|Any CPU.ActiveCfg = Debug|Any CPU
		{649D9F9E-BD3D-434B-8F2D-DBB95EA4ACCC}.Debug|Any CPU.Build.0 = Debug|Any CPU
		{649D9F9E-BD3D-434B-8F2D-DBB95EA4ACCC}.Release|Any CPU.ActiveCfg = Release|Any CPU
		{649D9F9E-BD3D-434B-8F2D-DBB95EA4ACCC}.Release|Any CPU.Build.0 = Release|Any CPU
	EndGlobalSection
	GlobalSection(SolutionProperties) = preSolution
		HideSolutionNode = FALSE
	EndGlobalSection
	GlobalSection(ExtensibilityGlobals) = postSolution
		SolutionGuid = {FE81FBB3-1EAE-42C7-ACDA-E66B31D8FA67}
	EndGlobalSection
EndGlobal
